github.com/moov-io/ach v1.33.4 h1:6haoD+2H+rSeLBkpGndOdpNnSnM8g/EkgppX5T+2hDA=
github.com/moov-io/ach v1.33.4/go.mod h1:liEoB/PlHQoYJq+V+O/izTzTebEDkAM4waGYVcIIKc4=
github.com/moov-io/base v0.48.2 h1:BPSNgmwokOVaVzAMJg71L48LCrDYelMfVXJEiZb2zOY=
github.com/moov-io/base v0.48.2/go.mod h1:u1/WC3quR6otC9NrM1TtXSwNti1A/m7MR49RIXY1ee4=
github.com/moov-io/iso4217 v0.3.0 h1:xAxeJEn7QIpEy971eElEGiaLNdj81UwOcCcvE6j2ZAo=
github.com/moov-io/iso4217 v0.3.0/go.mod h1:/pF1mBInDSJtwyWkLNr8EMdIn1zIl2cyjaVi4Xhpd44=
github.com/rickar/cal/v2 v2.1.13 h1:FENBPXxDPyL1OWGf9ZdpWGcEiGoSjt0UZED8VOxvK0c=
github.com/rickar/cal/v2 v2.1.13/go.mod h1:/fdlMcx7GjPlIBibMzOM9gMvDBsrK+mOtRXdTzUqV/A=
golang.org/x/net v0.19.0 h1:zTwKpTd2XuCqf8huc7Fo2iSy+4RHPd10s4KzeTnVr1c=
golang.org/x/net v0.19.0/go.mod h1:CfAk/cbD4CthTvqiEl8NpboMuiuOYsAr/7NOjZJtv1U=
golang.org/x/text v0.14.0 h1:ScX5w1eTa3QqT8oi6+ziP7dTV1S2+ALU0bI+0zXKWiQ=
golang.org/x/text v0.14.0/go.mod h1:18ZOQIKpY8NJVqYksKHtTdi31H5itFRjB5/qKTNYzSU=
